
Microsoft Visual Studio Solution File, Format Version 12.00
# Visual Studio Version 17
VisualStudioVersion = 17.1.32414.318
MinimumVisualStudioVersion = 10.0.40219.1
Project("{888888A0-9F3D-457C-B088-3A5042F75D52}") = "QuestLogAPI", "QuestLogAPI\QuestLogAPI.pyproj", "{2DA7D432-A98F-436C-B37E-24EF71751539}"
EndProject
Global
	GlobalSection(SolutionConfigurationPlatforms) = preSolution
		Debug|Any CPU = Debug|Any CPU
		Release|Any CPU = Release|Any CPU
	EndGlobalSection
	GlobalSection(ProjectConfigurationPlatforms) = postSolution
		{2DA7D432-A98F-436C-B37E-24EF71751539}.Debug|Any CPU.ActiveCfg = Debug|Any CPU
		{2DA7D432-A98F-436C-B37E-24EF71751539}.Release|Any CPU.ActiveCfg = Release|Any CPU
	EndGlobalSection
	GlobalSection(SolutionProperties) = preSolution
		HideSolutionNode = FALSE
	EndGlobalSection
	GlobalSection(ExtensibilityGlobals) = postSolution
		SolutionGuid = {D3BAEB84-961B-4738-8D57-8294015629FB}
	EndGlobalSection
EndGlobal
